# Locked Python dependencies for the ROCm foundation image (py3.12, linux x86_64).
# Generated 2026-09-17 from PyPI via pip download --platform manylinux2014_x86_64 --python-version 3.12.
# Excludes torch: the base image ships a tested ROCm PyTorch 2.9.1 that MUST NOT be replaced.
#
# Each line: pkg==version  --hash=sha256:<hex>
# This is a pip-format lock consumed by `uv pip install` (see docker/foundation/Dockerfile).
# At build time: hashes are used for audit evidence but --require-hashes is NOT enforced
# (transitive deps aren't all available with manylinux manylinux+hashes). Exact == pins are enforced.
attrs==26.1.0 --hash=sha256:c647aa4a12dfbad9333ca4e71fe62ddc36f4e63b2d260a37a8b83d2f043ac309
duckdb==1.2.2 --hash=sha256:e5c1556775a9ebaa49b5c8d64718f155ac3e05b34a49e9c99443cf105e8b0371
iniconfig==2.3.0 --hash=sha256:f631c04d2c48c52b84d0d0549c99ff3859c98df65b3101406327ecc7d53fbf12
jsonschema==4.26.0 --hash=sha256:d489f15263b8d200f8387e64b4c3a75f06629559fb73deb8fdfb525f2dab50ce
jsonschema_specifications==2025.9.1 --hash=sha256:98802fee3a11ee76ecaca44429fda8a41bff98b00a0f2838151b113f210cc6fe
mpmath==1.3.0 --hash=sha256:a0b2b9fe80bbcd81a6647ff13108738cfb482d481d826cc0e02f5b35e5c88d2c
numpy==2.2.6 --hash=sha256:fd83c01228a688733f1ded5201c678f0c53ecc1006ffbc404db9f7a899ac6249
packaging==26.3 --hash=sha256:d7193f7c8e4e93f444fde0262bf90af30e16fa0ad0ad44cb553c87339b23cd1c
pluggy==1.6.0 --hash=sha256:e920276dd6813095e9377c0bc5566d94c932c33b27a3e3945d8389c374dd4746
py_cpuinfo2==10.1.1 --hash=sha256:adc53396bfb206e6498d078ec2ab407f85799ecd819584ac36a8f80a2d4d762d
pyarrow==20.0.0 --hash=sha256:2c3a01f313ffe27ac4126f4c2e5ea0f36a5fc6ab51f8726cf41fee4b256680bd
pygments==2.21.0 --hash=sha256:2363c69b61c4a97c838da3b130dcd6468f4848992b21a82f2a63ec34377137d9
pytest==9.1.1 --hash=sha256:37a86b45efb9a47a61a36449063e8e18d0cab3161329fc099eb21783169c4f0c
pytest_benchmark==5.3.0 --hash=sha256:920ab1dfcffa718d49aa15ba144c7e357bda59216a0dc308016cc1c7236f719d
pyyaml==6.0.3 --hash=sha256:ba1cc08a7ccde2d2ec775841541641e4548226580ab850948cbfda66a1befcdc
referencing==0.37.0 --hash=sha256:381329a9f99628c9069361716891d34ad94af76e461dcb0335825aecc7692231
rpds_py==2026.6.3 --hash=sha256:ecabd69db66de867690f9797f2f8fa27ba501bbc24540cbdbdc649cd15888ba6
sympy==1.14.0 --hash=sha256:e091cc3e99d2141a0ba2847328f5479b05d94a6635cb96148ccb3f34671bd8f5
wasmtime==48.0.0 --hash=sha256:58544d539053dff7bd4cf30c40d7a540862d683013c0dfa6ba46a063f5b682f7
z3_solver==4.15.4.0 --hash=sha256:7e103a6f203f505b8b8b8e5c931cc407c95b61556512d4921c1ddc0b3f41b08e
maturin==1.15.0 --hash=sha256:653020a63525bb224e5ab0adf02e17a2e08bc86dbea7fc1399c9a56d7529b99e
